{
  "name": "react-verify-code-input",
  "version": "1.0.1",
  "lockfileVersion": 1,
  "requires": true,
  "dependencies": {
    "bluebird": {
      "version": "3.5.3",
      "resolved": "https://registry.npmjs.org/bluebird/-/bluebird-3.5.3.tgz",
      "integrity": "sha512-/qKPUQlaW1OyR51WeCPBvRnAlnZFUJkCSG5HzGnuIqhgyJtF+T94lFnn33eiazjRm2LAHVy2guNnaq48X9SJuw==",
      "dev": true
    },
    "commander": {
      "version": "2.19.0",
      "resolved": "https://registry.npmjs.org/commander/-/commander-2.19.0.tgz",
      "integrity": "sha512-6tvAOO+D6OENvRAh524Dh9jcfKTYDQAqvqezbCW82xj5X0pSrcpxtvRKHLG0yBY6SD7PSDrJaj+0AiOcKVd1Xg==",
      "dev": true
    },
    "generate-changelog": {
      "version": "1.7.1",
      "resolved": "https://registry.npmjs.org/generate-changelog/-/generate-changelog-1.7.1.tgz",
      "integrity": "sha512-f57zId4iD0AVRyjHHH6SwOdevrW+5ikjr6ooqlzUf7Z27DBW4BZvWZtlXmy+LShf5C52aFBCvKVwd86ZA56ObQ==",
      "dev": true,
      "requires": {
        "bluebird": "3.5.3",
        "commander": "2.19.0",
        "github-url-from-git": "1.5.0"
      }
    },
    "github-url-from-git": {
      "version": "1.5.0",
      "resolved": "https://registry.npmjs.org/github-url-from-git/-/github-url-from-git-1.5.0.tgz",
      "integrity": "sha1-+YX+3MCpqledyI16/waNVcxiUaA=",
      "dev": true
    }
  }
}
